
Microsoft Visual Studio Solution File, Format Version 12.00
# Visual Studio Version 16
VisualStudioVersion = 16.0.30114.105
MinimumVisualStudioVersion = 10.0.40219.1
Project("{FAE04EC0-301F-11D3-BF4B-00C04F79EFBC}") = "Sample.Clean.Api", "Sample.Clean.Api\Sample.Clean.Api.csproj", "{A6F4CA67-34E2-47DA-BFEA-702C6C7B0F66}"
EndProject
Project("{FAE04EC0-301F-11D3-BF4B-00C04F79EFBC}") = "Sample.Clean.Application", "Sample.Clean.Application\Sample.Clean.Application.csproj", "{4B98B9C2-E45B-426A-B253-20AABE183BCF}"
EndProject
Project("{FAE04EC0-301F-11D3-BF4B-00C04F79EFBC}") = "Sample.Clean.Core", "Sample.Clean.Core\Sample.Clean.Core.csproj", "{B3EB439D-94E1-4D3C-A075-687EEBB85F76}"
EndProject
Project("{FAE04EC0-301F-11D3-BF4B-00C04F79EFBC}") = "Sample.Clean.Infrastructure", "Sample.Clean.Infrastructure\Sample.Clean.Infrastructure.csproj", "{20FA96BE-2C88-43FE-B853-ACDDFED25C2B}"
EndProject
Project("{FAE04EC0-301F-11D3-BF4B-00C04F79EFBC}") = "Sample.Clean.Tests", "Sample.Clean.Tests\Sample.Clean.Tests.csproj", "{8F5C1911-5665-4779-B409-59CA1804E733}"
EndProject
Global
	GlobalSection(SolutionConfigurationPlatforms) = preSolution
		Debug|Any CPU = Debug|Any CPU
		Release|Any CPU = Release|Any CPU
	EndGlobalSection
	GlobalSection(ProjectConfigurationPlatforms) = postSolution
		{A6F4CA67-34E2-47DA-BFEA-702C6C7B0F66}.Debug|Any CPU.ActiveCfg = Debug|Any CPU
		{A6F4CA67-34E2-47DA-BFEA-702C6C7B0F66}.Debug|Any CPU.Build.0 = Debug|Any CPU
		{A6F4CA67-34E2-47DA-BFEA-702C6C7B0F66}.Release|Any CPU.ActiveCfg = Release|Any CPU
		{A6F4CA67-34E2-47DA-BFEA-702C6C7B0F66}.Release|Any CPU.Build.0 = Release|Any CPU
		{4B98B9C2-E45B-426A-B253-20AABE183BCF}.Debug|Any CPU.ActiveCfg = Debug|Any CPU
		{4B98B9C2-E45B-426A-B253-20AABE183BCF}.Debug|Any CPU.Build.0 = Debug|Any CPU
		{4B98B9C2-E45B-426A-B253-20AABE183BCF}.Release|Any CPU.ActiveCfg = Release|Any CPU
		{4B98B9C2-E45B-426A-B253-20AABE183BCF}.Release|Any CPU.Build.0 = Release|Any CPU
		{B3EB439D-94E1-4D3C-A075-687EEBB85F76}.Debug|Any CPU.ActiveCfg = Debug|Any CPU
		{B3EB439D-94E1-4D3C-A075-687EEBB85F76}.Debug|Any CPU.Build.0 = Debug|Any CPU
		{B3EB439D-94E1-4D3C-A075-687EEBB85F76}.Release|Any CPU.ActiveCfg = Release|Any CPU
		{B3EB439D-94E1-4D3C-A075-687EEBB85F76}.Release|Any CPU.Build.0 = Release|Any CPU
		{20FA96BE-2C88-43FE-B853-ACDDFED25C2B}.Debug|Any CPU.ActiveCfg = Debug|Any CPU
		{20FA96BE-2C88-43FE-B853-ACDDFED25C2B}.Debug|Any CPU.Build.0 = Debug|Any CPU
		{20FA96BE-2C88-43FE-B853-ACDDFED25C2B}.Release|Any CPU.ActiveCfg = Release|Any CPU
		{20FA96BE-2C88-43FE-B853-ACDDFED25C2B}.Release|Any CPU.Build.0 = Release|Any CPU
		{8F5C1911-5665-4779-B409-59CA1804E733}.Debug|Any CPU.ActiveCfg = Debug|Any CPU
		{8F5C1911-5665-4779-B409-59CA1804E733}.Debug|Any CPU.Build.0 = Debug|Any CPU
		{8F5C1911-5665-4779-B409-59CA1804E733}.Release|Any CPU.ActiveCfg = Release|Any CPU
		{8F5C1911-5665-4779-B409-59CA1804E733}.Release|Any CPU.Build.0 = Release|Any CPU
	EndGlobalSection
	GlobalSection(SolutionProperties) = preSolution
		HideSolutionNode = FALSE
	EndGlobalSection
	GlobalSection(ExtensibilityGlobals) = postSolution
		SolutionGuid = {02E95F6F-D595-4AAB-97F1-6A73985DCD24}
	EndGlobalSection
EndGlobal
